// !$*UTF8*$!
{
	archiveVersion = 1;
	classes = {
	};
	objectVersion = 48;
	objects = {

/* Begin PBXBuildFile section */
		5306F4F123877FF7005C3C26 /* DDPageModel.m in Sources */ = {isa = PBXBuildFile; fileRef = 5306F4EF23877FF7005C3C26 /* DDPageModel.m */; };
		5306F4F223877FF7005C3C26 /* DDFlagPageModel.m in Sources */ = {isa = PBXBuildFile; fileRef = 5306F4F023877FF7005C3C26 /* DDFlagPageModel.m */; };
		5306F4F92387800E005C3C26 /* DDAppVersionHelper.m in Sources */ = {isa = PBXBuildFile; fileRef = 5306F4F32387800E005C3C26 /* DDAppVersionHelper.m */; };
		5306F4FA2387800E005C3C26 /* DDAuthorizationTools.m in Sources */ = {isa = PBXBuildFile; fileRef = 5306F4F62387800E005C3C26 /* DDAuthorizationTools.m */; };
		5306F4FB2387800E005C3C26 /* DDAsyncOperation.m in Sources */ = {isa = PBXBuildFile; fileRef = 5306F4F72387800E005C3C26 /* DDAsyncOperation.m */; };
		5306F5002387801A005C3C26 /* DDPageItemFlowLayout.m in Sources */ = {isa = PBXBuildFile; fileRef = 5306F4FC23878019005C3C26 /* DDPageItemFlowLayout.m */; };
		5306F5012387801A005C3C26 /* DDTimer.m in Sources */ = {isa = PBXBuildFile; fileRef = 5306F4FF23878019005C3C26 /* DDTimer.m */; };
		5306F50423878025005C3C26 /* DDWeakDelegateObject.m in Sources */ = {isa = PBXBuildFile; fileRef = 5306F50323878025005C3C26 /* DDWeakDelegateObject.m */; };
		5306F50D23878036005C3C26 /* NSDate+DDHelper.m in Sources */ = {isa = PBXBuildFile; fileRef = 5306F50823878036005C3C26 /* NSDate+DDHelper.m */; };
		5306F50E23878036005C3C26 /* NSMutableArray+DDNode.m in Sources */ = {isa = PBXBuildFile; fileRef = 5306F50923878036005C3C26 /* NSMutableArray+DDNode.m */; };
		5306F50F23878036005C3C26 /* NSMutableString+DDNode.m in Sources */ = {isa = PBXBuildFile; fileRef = 5306F50B23878036005C3C26 /* NSMutableString+DDNode.m */; };
		5306F51023878036005C3C26 /* NSArray+DDSafeAccess.m in Sources */ = {isa = PBXBuildFile; fileRef = 5306F50C23878036005C3C26 /* NSArray+DDSafeAccess.m */; };
		5306F5172387804C005C3C26 /* UIButton+DDHighlightColor.m in Sources */ = {isa = PBXBuildFile; fileRef = 5306F5112387804C005C3C26 /* UIButton+DDHighlightColor.m */; };
		5306F5182387804C005C3C26 /* NSObject+DDSwizzling.m in Sources */ = {isa = PBXBuildFile; fileRef = 5306F5122387804C005C3C26 /* NSObject+DDSwizzling.m */; };
		5306F5192387804C005C3C26 /* UIView+DDBorder.m in Sources */ = {isa = PBXBuildFile; fileRef = 5306F5162387804C005C3C26 /* UIView+DDBorder.m */; };
		5306F529238780BD005C3C26 /* DDAutoLoopCollectionView.m in Sources */ = {isa = PBXBuildFile; fileRef = 5306F51E238780BC005C3C26 /* DDAutoLoopCollectionView.m */; };
		5306F52A238780BD005C3C26 /* DDLayoutButton.m in Sources */ = {isa = PBXBuildFile; fileRef = 5306F51F238780BC005C3C26 /* DDLayoutButton.m */; };
		5306F52B238780BD005C3C26 /* DDGridSimpleLayoutView.m in Sources */ = {isa = PBXBuildFile; fileRef = 5306F521238780BC005C3C26 /* DDGridSimpleLayoutView.m */; };
		5306F52C238780BD005C3C26 /* DDLoopCollectionView.m in Sources */ = {isa = PBXBuildFile; fileRef = 5306F522238780BC005C3C26 /* DDLoopCollectionView.m */; };
		5306F52D238780BD005C3C26 /* DDLoopTableView.m in Sources */ = {isa = PBXBuildFile; fileRef = 5306F526238780BC005C3C26 /* DDLoopTableView.m */; };
		5306F52E238780BD005C3C26 /* DDWebTableViewController.m in Sources */ = {isa = PBXBuildFile; fileRef = 5306F528238780BD005C3C26 /* DDWebTableViewController.m */; };
		5306F5332387836D005C3C26 /* DDWeakScriptMessageHandler.m in Sources */ = {isa = PBXBuildFile; fileRef = 5306F5322387836D005C3C26 /* DDWeakScriptMessageHandler.m */; };
		530CD2CC2418B3AD00665983 /* DDCollectionViewModel.m in Sources */ = {isa = PBXBuildFile; fileRef = 530CD2B82418B3AB00665983 /* DDCollectionViewModel.m */; };
		530CD2CD2418B3AD00665983 /* NSObject+DDSafePerformAction.m in Sources */ = {isa = PBXBuildFile; fileRef = 530CD2B92418B3AB00665983 /* NSObject+DDSafePerformAction.m */; };
		530CD2CE2418B3AD00665983 /* DDCollectionViewCell.m in Sources */ = {isa = PBXBuildFile; fileRef = 530CD2BB2418B3AB00665983 /* DDCollectionViewCell.m */; };
		530CD2CF2418B3AD00665983 /* DDTableViewProxy.m in Sources */ = {isa = PBXBuildFile; fileRef = 530CD2BE2418B3AC00665983 /* DDTableViewProxy.m */; };
		530CD2D02418B3AD00665983 /* DDCollectionViewProxy.m in Sources */ = {isa = PBXBuildFile; fileRef = 530CD2BF2418B3AC00665983 /* DDCollectionViewProxy.m */; };
		530CD2D12418B3AD00665983 /* DDTableView.m in Sources */ = {isa = PBXBuildFile; fileRef = 530CD2C02418B3AC00665983 /* DDTableView.m */; };
		530CD2D22418B3AD00665983 /* DDCollectionView.m in Sources */ = {isa = PBXBuildFile; fileRef = 530CD2C22418B3AC00665983 /* DDCollectionView.m */; };
		530CD2D32418B3AD00665983 /* DDTableViewCell.m in Sources */ = {isa = PBXBuildFile; fileRef = 530CD2C52418B3AC00665983 /* DDTableViewCell.m */; };
		530CD2D42418B3AD00665983 /* DDTableViewModel.m in Sources */ = {isa = PBXBuildFile; fileRef = 530CD2C72418B3AC00665983 /* DDTableViewModel.m */; };
		5311501A23BB3B88005BF143 /* NSObject+DDSafeObserver.m in Sources */ = {isa = PBXBuildFile; fileRef = 5311501823BB3B88005BF143 /* NSObject+DDSafeObserver.m */; };
		5352C50A23ED4C7B00A3EEF7 /* DDUserInfoManager.m in Sources */ = {isa = PBXBuildFile; fileRef = 5352C50423ED4C7B00A3EEF7 /* DDUserInfoManager.m */; };
		B2AA54B720B3F07B000C0C0A /* AppDelegate.m in Sources */ = {isa = PBXBuildFile; fileRef = B2AA54B620B3F07B000C0C0A /* AppDelegate.m */; };
		B2AA54BA20B3F07B000C0C0A /* ViewController.m in Sources */ = {isa = PBXBuildFile; fileRef = B2AA54B920B3F07B000C0C0A /* ViewController.m */; };
		B2AA54BD20B3F07B000C0C0A /* Main.storyboard in Resources */ = {isa = PBXBuildFile; fileRef = B2AA54BB20B3F07B000C0C0A /* Main.storyboard */; };
		B2AA54BF20B3F07B000C0C0A /* Assets.xcassets in Resources */ = {isa = PBXBuildFile; fileRef = B2AA54BE20B3F07B000C0C0A /* Assets.xcassets */; };
		B2AA54C220B3F07B000C0C0A /* LaunchScreen.storyboard in Resources */ = {isa = PBXBuildFile; fileRef = B2AA54C020B3F07B000C0C0A /* LaunchScreen.storyboard */; };
		B2AA54C520B3F07B000C0C0A /* main.m in Sources */ = {isa = PBXBuildFile; fileRef = B2AA54C420B3F07B000C0C0A /* main.m */; };
		FADFBB39234711343392AD49 /* libPods-DDTooboxDemo.a in Frameworks */ = {isa = PBXBuildFile; fileRef = 520B3C740C73C76D45545176 /* libPods-DDTooboxDemo.a */; };
/* End PBXBuildFile section */

/* Begin PBXFileReference section */
		520B3C740C73C76D45545176 /* libPods-DDTooboxDemo.a */ = {isa = PBXFileReference; explicitFileType = archive.ar; includeInIndex = 0; path = "libPods-DDTooboxDemo.a"; sourceTree = BUILT_PRODUCTS_DIR; };
		5306F4ED23877FF7005C3C26 /* DDFlagPageModel.h */ = {isa = PBXFileReference; fileEncoding = 4; lastKnownFileType = sourcecode.c.h; path = DDFlagPageModel.h; sourceTree = "<group>"; };
		5306F4EE23877FF7005C3C26 /* DDPageModel.h */ = {isa = PBXFileReference; fileEncoding = 4; lastKnownFileType = sourcecode.c.h; path = DDPageModel.h; sourceTree = "<group>"; };
		5306F4EF23877FF7005C3C26 /* DDPageModel.m */ = {isa = PBXFileReference; fileEncoding = 4; lastKnownFileType = sourcecode.c.objc; path = DDPageModel.m; sourceTree = "<group>"; };
		5306F4F023877FF7005C3C26 /* DDFlagPageModel.m */ = {isa = PBXFileReference; fileEncoding = 4; lastKnownFileType = sourcecode.c.objc; path = DDFlagPageModel.m; sourceTree = "<group>"; };
		5306F4F32387800E005C3C26 /* DDAppVersionHelper.m */ = {isa = PBXFileReference; fileEncoding = 4; lastKnownFileType = sourcecode.c.objc; path = DDAppVersionHelper.m; sourceTree = "<group>"; };
		5306F4F42387800E005C3C26 /* DDAsyncOperation.h */ = {isa = PBXFileReference; fileEncoding = 4; lastKnownFileType = sourcecode.c.h; path = DDAsyncOperation.h; sourceTree = "<group>"; };
		5306F4F52387800E005C3C26 /* DDAppVersionHelper.h */ = {isa = PBXFileReference; fileEncoding = 4; lastKnownFileType = sourcecode.c.h; path = DDAppVersionHelper.h; sourceTree = "<group>"; };
		5306F4F62387800E005C3C26 /* DDAuthorizationTools.m */ = {isa = PBXFileReference; fileEncoding = 4; lastKnownFileType = sourcecode.c.objc; path = DDAuthorizationTools.m; sourceTree = "<group>"; };
		5306F4F72387800E005C3C26 /* DDAsyncOperation.m */ = {isa = PBXFileReference; fileEncoding = 4; lastKnownFileType = sourcecode.c.objc; path = DDAsyncOperation.m; sourceTree = "<group>"; };
		5306F4F82387800E005C3C26 /* DDAuthorizationTools.h */ = {isa = PBXFileReference; fileEncoding = 4; lastKnownFileType = sourcecode.c.h; path = DDAuthorizationTools.h; sourceTree = "<group>"; };
		5306F4FC23878019005C3C26 /* DDPageItemFlowLayout.m */ = {isa = PBXFileReference; fileEncoding = 4; lastKnownFileType = sourcecode.c.objc; path = DDPageItemFlowLayout.m; sourceTree = "<group>"; };
		5306F4FD23878019005C3C26 /* DDPageItemFlowLayout.h */ = {isa = PBXFileReference; fileEncoding = 4; lastKnownFileType = sourcecode.c.h; path = DDPageItemFlowLayout.h; sourceTree = "<group>"; };
		5306F4FE23878019005C3C26 /* DDTimer.h */ = {isa = PBXFileReference; fileEncoding = 4; lastKnownFileType = sourcecode.c.h; path = DDTimer.h; sourceTree = "<group>"; };
		5306F4FF23878019005C3C26 /* DDTimer.m */ = {isa = PBXFileReference; fileEncoding = 4; lastKnownFileType = sourcecode.c.objc; path = DDTimer.m; sourceTree = "<group>"; };
		5306F50223878024005C3C26 /* DDWeakDelegateObject.h */ = {isa = PBXFileReference; fileEncoding = 4; lastKnownFileType = sourcecode.c.h; path = DDWeakDelegateObject.h; sourceTree = "<group>"; };
		5306F50323878025005C3C26 /* DDWeakDelegateObject.m */ = {isa = PBXFileReference; fileEncoding = 4; lastKnownFileType = sourcecode.c.objc; path = DDWeakDelegateObject.m; sourceTree = "<group>"; };
		5306F50523878036005C3C26 /* NSMutableString+DDNode.h */ = {isa = PBXFileReference; fileEncoding = 4; lastKnownFileType = sourcecode.c.h; path = "NSMutableString+DDNode.h"; sourceTree = "<group>"; };
		5306F50623878036005C3C26 /* NSArray+DDSafeAccess.h */ = {isa = PBXFileReference; fileEncoding = 4; lastKnownFileType = sourcecode.c.h; path = "NSArray+DDSafeAccess.h"; sourceTree = "<group>"; };
		5306F50723878036005C3C26 /* NSMutableArray+DDNode.h */ = {isa = PBXFileReference; fileEncoding = 4; lastKnownFileType = sourcecode.c.h; path = "NSMutableArray+DDNode.h"; sourceTree = "<group>"; };
		5306F50823878036005C3C26 /* NSDate+DDHelper.m */ = {isa = PBXFileReference; fileEncoding = 4; lastKnownFileType = sourcecode.c.objc; path = "NSDate+DDHelper.m"; sourceTree = "<group>"; };
		5306F50923878036005C3C26 /* NSMutableArray+DDNode.m */ = {isa = PBXFileReference; fileEncoding = 4; lastKnownFileType = sourcecode.c.objc; path = "NSMutableArray+DDNode.m"; sourceTree = "<group>"; };
		5306F50A23878036005C3C26 /* NSDate+DDHelper.h */ = {isa = PBXFileReference; fileEncoding = 4; lastKnownFileType = sourcecode.c.h; path = "NSDate+DDHelper.h"; sourceTree = "<group>"; };
		5306F50B23878036005C3C26 /* NSMutableString+DDNode.m */ = {isa = PBXFileReference; fileEncoding = 4; lastKnownFileType = sourcecode.c.objc; path = "NSMutableString+DDNode.m"; sourceTree = "<group>"; };
		5306F50C23878036005C3C26 /* NSArray+DDSafeAccess.m */ = {isa = PBXFileReference; fileEncoding = 4; lastKnownFileType = sourcecode.c.objc; path = "NSArray+DDSafeAccess.m"; sourceTree = "<group>"; };
		5306F5112387804C005C3C26 /* UIButton+DDHighlightColor.m */ = {isa = PBXFileReference; fileEncoding = 4; lastKnownFileType = sourcecode.c.objc; path = "UIButton+DDHighlightColor.m"; sourceTree = "<group>"; };
		5306F5122387804C005C3C26 /* NSObject+DDSwizzling.m */ = {isa = PBXFileReference; fileEncoding = 4; lastKnownFileType = sourcecode.c.objc; path = "NSObject+DDSwizzling.m"; sourceTree = "<group>"; };
		5306F5132387804C005C3C26 /* NSObject+DDSwizzling.h */ = {isa = PBXFileReference; fileEncoding = 4; lastKnownFileType = sourcecode.c.h; path = "NSObject+DDSwizzling.h"; sourceTree = "<group>"; };
		5306F5142387804C005C3C26 /* UIButton+DDHighlightColor.h */ = {isa = PBXFileReference; fileEncoding = 4; lastKnownFileType = sourcecode.c.h; path = "UIButton+DDHighlightColor.h"; sourceTree = "<group>"; };
		5306F5152387804C005C3C26 /* UIView+DDBorder.h */ = {isa = PBXFileReference; fileEncoding = 4; lastKnownFileType = sourcecode.c.h; path = "UIView+DDBorder.h"; sourceTree = "<group>"; };
		5306F5162387804C005C3C26 /* UIView+DDBorder.m */ = {isa = PBXFileReference; fileEncoding = 4; lastKnownFileType = sourcecode.c.objc; path = "UIView+DDBorder.m"; sourceTree = "<group>"; };
		5306F51D238780BC005C3C26 /* DDAutoLoopCollectionView.h */ = {isa = PBXFileReference; fileEncoding = 4; lastKnownFileType = sourcecode.c.h; path = DDAutoLoopCollectionView.h; sourceTree = "<group>"; };
		5306F51E238780BC005C3C26 /* DDAutoLoopCollectionView.m */ = {isa = PBXFileReference; fileEncoding = 4; lastKnownFileType = sourcecode.c.objc; path = DDAutoLoopCollectionView.m; sourceTree = "<group>"; };
		5306F51F238780BC005C3C26 /* DDLayoutButton.m */ = {isa = PBXFileReference; fileEncoding = 4; lastKnownFileType = sourcecode.c.objc; path = DDLayoutButton.m; sourceTree = "<group>"; };
		5306F520238780BC005C3C26 /* DDLoopCollectionView.h */ = {isa = PBXFileReference; fileEncoding = 4; lastKnownFileType = sourcecode.c.h; path = DDLoopCollectionView.h; sourceTree = "<group>"; };
		5306F521238780BC005C3C26 /* DDGridSimpleLayoutView.m */ = {isa = PBXFileReference; fileEncoding = 4; lastKnownFileType = sourcecode.c.objc; path = DDGridSimpleLayoutView.m; sourceTree = "<group>"; };
		5306F522238780BC005C3C26 /* DDLoopCollectionView.m */ = {isa = PBXFileReference; fileEncoding = 4; lastKnownFileType = sourcecode.c.objc; path = DDLoopCollectionView.m; sourceTree = "<group>"; };
		5306F523238780BC005C3C26 /* DDLayoutButton.h */ = {isa = PBXFileReference; fileEncoding = 4; lastKnownFileType = sourcecode.c.h; path = DDLayoutButton.h; sourceTree = "<group>"; };
		5306F524238780BC005C3C26 /* DDLoopTableView.h */ = {isa = PBXFileReference; fileEncoding = 4; lastKnownFileType = sourcecode.c.h; path = DDLoopTableView.h; sourceTree = "<group>"; };
		5306F525238780BC005C3C26 /* DDGridSimpleLayoutView.h */ = {isa = PBXFileReference; fileEncoding = 4; lastKnownFileType = sourcecode.c.h; path = DDGridSimpleLayoutView.h; sourceTree = "<group>"; };
		5306F526238780BC005C3C26 /* DDLoopTableView.m */ = {isa = PBXFileReference; fileEncoding = 4; lastKnownFileType = sourcecode.c.objc; path = DDLoopTableView.m; sourceTree = "<group>"; };
		5306F527238780BD005C3C26 /* DDWebTableViewController.h */ = {isa = PBXFileReference; fileEncoding = 4; lastKnownFileType = sourcecode.c.h; path = DDWebTableViewController.h; sourceTree = "<group>"; };
		5306F528238780BD005C3C26 /* DDWebTableViewController.m */ = {isa = PBXFileReference; fileEncoding = 4; lastKnownFileType = sourcecode.c.objc; path = DDWebTableViewController.m; sourceTree = "<group>"; };
		5306F53023878122005C3C26 /* DDMacro.h */ = {isa = PBXFileReference; fileEncoding = 4; lastKnownFileType = sourcecode.c.h; path = DDMacro.h; sourceTree = "<group>"; };
		5306F5312387836D005C3C26 /* DDWeakScriptMessageHandler.h */ = {isa = PBXFileReference; fileEncoding = 4; lastKnownFileType = sourcecode.c.h; path = DDWeakScriptMessageHandler.h; sourceTree = "<group>"; };
		5306F5322387836D005C3C26 /* DDWeakScriptMessageHandler.m */ = {isa = PBXFileReference; fileEncoding = 4; lastKnownFileType = sourcecode.c.objc; path = DDWeakScriptMessageHandler.m; sourceTree = "<group>"; };
		530CD2B82418B3AB00665983 /* DDCollectionViewModel.m */ = {isa = PBXFileReference; fileEncoding = 4; lastKnownFileType = sourcecode.c.objc; path = DDCollectionViewModel.m; sourceTree = "<group>"; };
		530CD2B92418B3AB00665983 /* NSObject+DDSafePerformAction.m */ = {isa = PBXFileReference; fileEncoding = 4; lastKnownFileType = sourcecode.c.objc; path = "NSObject+DDSafePerformAction.m"; sourceTree = "<group>"; };
		530CD2BA2418B3AB00665983 /* DDListComponent.h */ = {isa = PBXFileReference; fileEncoding = 4; lastKnownFileType = sourcecode.c.h; path = DDListComponent.h; sourceTree = "<group>"; };
		530CD2BB2418B3AB00665983 /* DDCollectionViewCell.m */ = {isa = PBXFileReference; fileEncoding = 4; lastKnownFileType = sourcecode.c.objc; path = DDCollectionViewCell.m; sourceTree = "<group>"; };
		530CD2BC2418B3AB00665983 /* NSObject+DDSafePerformAction.h */ = {isa = PBXFileReference; fileEncoding = 4; lastKnownFileType = sourcecode.c.h; path = "NSObject+DDSafePerformAction.h"; sourceTree = "<group>"; };
		530CD2BD2418B3AC00665983 /* DDCollectionViewModel.h */ = {isa = PBXFileReference; fileEncoding = 4; lastKnownFileType = sourcecode.c.h; path = DDCollectionViewModel.h; sourceTree = "<group>"; };
		530CD2BE2418B3AC00665983 /* DDTableViewProxy.m */ = {isa = PBXFileReference; fileEncoding = 4; lastKnownFileType = sourcecode.c.objc; path = DDTableViewProxy.m; sourceTree = "<group>"; };
		530CD2BF2418B3AC00665983 /* DDCollectionViewProxy.m */ = {isa = PBXFileReference; fileEncoding = 4; lastKnownFileType = sourcecode.c.objc; path = DDCollectionViewProxy.m; sourceTree = "<group>"; };
		530CD2C02418B3AC00665983 /* DDTableView.m */ = {isa = PBXFileReference; fileEncoding = 4; lastKnownFileType = sourcecode.c.objc; path = DDTableView.m; sourceTree = "<group>"; };
		530CD2C12418B3AC00665983 /* DDTableView.h */ = {isa = PBXFileReference; fileEncoding = 4; lastKnownFileType = sourcecode.c.h; path = DDTableView.h; sourceTree = "<group>"; };
		530CD2C22418B3AC00665983 /* DDCollectionView.m */ = {isa = PBXFileReference; fileEncoding = 4; lastKnownFileType = sourcecode.c.objc; path = DDCollectionView.m; sourceTree = "<group>"; };
		530CD2C32418B3AC00665983 /* DDTableViewCell.h */ = {isa = PBXFileReference; fileEncoding = 4; lastKnownFileType = sourcecode.c.h; path = DDTableViewCell.h; sourceTree = "<group>"; };
		530CD2C42418B3AC00665983 /* DDCollectionViewCell.h */ = {isa = PBXFileReference; fileEncoding = 4; lastKnownFileType = sourcecode.c.h; path = DDCollectionViewCell.h; sourceTree = "<group>"; };
		530CD2C52418B3AC00665983 /* DDTableViewCell.m */ = {isa = PBXFileReference; fileEncoding = 4; lastKnownFileType = sourcecode.c.objc; path = DDTableViewCell.m; sourceTree = "<group>"; };
		530CD2C62418B3AC00665983 /* DDTableViewModel.h */ = {isa = PBXFileReference; fileEncoding = 4; lastKnownFileType = sourcecode.c.h; path = DDTableViewModel.h; sourceTree = "<group>"; };
		530CD2C72418B3AC00665983 /* DDTableViewModel.m */ = {isa = PBXFileReference; fileEncoding = 4; lastKnownFileType = sourcecode.c.objc; path = DDTableViewModel.m; sourceTree = "<group>"; };
		530CD2C82418B3AD00665983 /* DDTableViewProxy.h */ = {isa = PBXFileReference; fileEncoding = 4; lastKnownFileType = sourcecode.c.h; path = DDTableViewProxy.h; sourceTree = "<group>"; };
		530CD2C92418B3AD00665983 /* DDCollectionView.h */ = {isa = PBXFileReference; fileEncoding = 4; lastKnownFileType = sourcecode.c.h; path = DDCollectionView.h; sourceTree = "<group>"; };
		530CD2CA2418B3AD00665983 /* DDCollectionViewProxy.h */ = {isa = PBXFileReference; fileEncoding = 4; lastKnownFileType = sourcecode.c.h; path = DDCollectionViewProxy.h; sourceTree = "<group>"; };
		530CD2CB2418B3AD00665983 /* DDListComponentHeader.h */ = {isa = PBXFileReference; fileEncoding = 4; lastKnownFileType = sourcecode.c.h; path = DDListComponentHeader.h; sourceTree = "<group>"; };
		530CD2D52418B63800665983 /* DDToolbox.h */ = {isa = PBXFileReference; lastKnownFileType = sourcecode.c.h; path = DDToolbox.h; sourceTree = "<group>"; };
		5311501823BB3B88005BF143 /* NSObject+DDSafeObserver.m */ = {isa = PBXFileReference; fileEncoding = 4; lastKnownFileType = sourcecode.c.objc; path = "NSObject+DDSafeObserver.m"; sourceTree = "<group>"; };
		5311501923BB3B88005BF143 /* NSObject+DDSafeObserver.h */ = {isa = PBXFileReference; fileEncoding = 4; lastKnownFileType = sourcecode.c.h; path = "NSObject+DDSafeObserver.h"; sourceTree = "<group>"; };
		5352C50423ED4C7B00A3EEF7 /* DDUserInfoManager.m */ = {isa = PBXFileReference; fileEncoding = 4; lastKnownFileType = sourcecode.c.objc; path = DDUserInfoManager.m; sourceTree = "<group>"; };
		5352C50723ED4C7B00A3EEF7 /* DDUserInfoManager.h */ = {isa = PBXFileReference; fileEncoding = 4; lastKnownFileType = sourcecode.c.h; path = DDUserInfoManager.h; sourceTree = "<group>"; };
		5B70CE3ED59AD2CF0CABAE01 /* Pods-DDTooboxDemo.release.xcconfig */ = {isa = PBXFileReference; includeInIndex = 1; lastKnownFileType = text.xcconfig; name = "Pods-DDTooboxDemo.release.xcconfig"; path = "Pods/Target Support Files/Pods-DDTooboxDemo/Pods-DDTooboxDemo.release.xcconfig"; sourceTree = "<group>"; };
		A14DA01C9EE9EFF0B8B43348 /* Pods-DDTooboxDemo.debug.xcconfig */ = {isa = PBXFileReference; includeInIndex = 1; lastKnownFileType = text.xcconfig; name = "Pods-DDTooboxDemo.debug.xcconfig"; path = "Pods/Target Support Files/Pods-DDTooboxDemo/Pods-DDTooboxDemo.debug.xcconfig"; sourceTree = "<group>"; };
		B2AA54B220B3F07B000C0C0A /* DDTooboxDemo.app */ = {isa = PBXFileReference; explicitFileType = wrapper.application; includeInIndex = 0; path = DDTooboxDemo.app; sourceTree = BUILT_PRODUCTS_DIR; };
		B2AA54B520B3F07B000C0C0A /* AppDelegate.h */ = {isa = PBXFileReference; lastKnownFileType = sourcecode.c.h; path = AppDelegate.h; sourceTree = "<group>"; };
		B2AA54B620B3F07B000C0C0A /* AppDelegate.m */ = {isa = PBXFileReference; lastKnownFileType = sourcecode.c.objc; path = AppDelegate.m; sourceTree = "<group>"; };
		B2AA54B820B3F07B000C0C0A /* ViewController.h */ = {isa = PBXFileReference; lastKnownFileType = sourcecode.c.h; path = ViewController.h; sourceTree = "<group>"; };
		B2AA54B920B3F07B000C0C0A /* ViewController.m */ = {isa = PBXFileReference; lastKnownFileType = sourcecode.c.objc; path = ViewController.m; sourceTree = "<group>"; };
		B2AA54BC20B3F07B000C0C0A /* Base */ = {isa = PBXFileReference; lastKnownFileType = file.storyboard; name = Base; path = Base.lproj/Main.storyboard; sourceTree = "<group>"; };
		B2AA54BE20B3F07B000C0C0A /* Assets.xcassets */ = {isa = PBXFileReference; lastKnownFileType = folder.assetcatalog; path = Assets.xcassets; sourceTree = "<group>"; };
		B2AA54C120B3F07B000C0C0A /* Base */ = {isa = PBXFileReference; lastKnownFileType = file.storyboard; name = Base; path = Base.lproj/LaunchScreen.storyboard; sourceTree = "<group>"; };
		B2AA54C320B3F07B000C0C0A /* Info.plist */ = {isa = PBXFileReference; lastKnownFileType = text.plist.xml; path = Info.plist; sourceTree = "<group>"; };
		B2AA54C420B3F07B000C0C0A /* main.m */ = {isa = PBXFileReference; lastKnownFileType = sourcecode.c.objc; path = main.m; sourceTree = "<group>"; };
/* End PBXFileReference section */

/* Begin PBXFrameworksBuildPhase section */
		B2AA54AF20B3F07B000C0C0A /* Frameworks */ = {
			isa = PBXFrameworksBuildPhase;
			buildActionMask = 2147483647;
			files = (
				FADFBB39234711343392AD49 /* libPods-DDTooboxDemo.a in Frameworks */,
			);
			runOnlyForDeploymentPostprocessing = 0;
		};
/* End PBXFrameworksBuildPhase section */

/* Begin PBXGroup section */
		49AAE11203D835A956CEDFDD /* Frameworks */ = {
			isa = PBXGroup;
			children = (
				520B3C740C73C76D45545176 /* libPods-DDTooboxDemo.a */,
			);
			name = Frameworks;
			sourceTree = "<group>";
		};
		53B4E65D24097DAF0060B436 /* ListComponent */ = {
			isa = PBXGroup;
			children = (
				530CD2C92418B3AD00665983 /* DDCollectionView.h */,
				530CD2C22418B3AC00665983 /* DDCollectionView.m */,
				530CD2C42418B3AC00665983 /* DDCollectionViewCell.h */,
				530CD2BB2418B3AB00665983 /* DDCollectionViewCell.m */,
				530CD2BD2418B3AC00665983 /* DDCollectionViewModel.h */,
				530CD2B82418B3AB00665983 /* DDCollectionViewModel.m */,
				530CD2CA2418B3AD00665983 /* DDCollectionViewProxy.h */,
				530CD2BF2418B3AC00665983 /* DDCollectionViewProxy.m */,
				530CD2BA2418B3AB00665983 /* DDListComponent.h */,
				530CD2CB2418B3AD00665983 /* DDListComponentHeader.h */,
				530CD2C12418B3AC00665983 /* DDTableView.h */,
				530CD2C02418B3AC00665983 /* DDTableView.m */,
				530CD2C32418B3AC00665983 /* DDTableViewCell.h */,
				530CD2C52418B3AC00665983 /* DDTableViewCell.m */,
				530CD2C62418B3AC00665983 /* DDTableViewModel.h */,
				530CD2C72418B3AC00665983 /* DDTableViewModel.m */,
				530CD2C82418B3AD00665983 /* DDTableViewProxy.h */,
				530CD2BE2418B3AC00665983 /* DDTableViewProxy.m */,
			);
			path = ListComponent;
			sourceTree = "<group>";
		};
		53B4E672240A19DB0060B436 /* Categories */ = {
			isa = PBXGroup;
			children = (
				5306F50623878036005C3C26 /* NSArray+DDSafeAccess.h */,
				5306F50C23878036005C3C26 /* NSArray+DDSafeAccess.m */,
				5306F50A23878036005C3C26 /* NSDate+DDHelper.h */,
				5306F50823878036005C3C26 /* NSDate+DDHelper.m */,
				5306F50723878036005C3C26 /* NSMutableArray+DDNode.h */,
				5306F50923878036005C3C26 /* NSMutableArray+DDNode.m */,
				5306F50523878036005C3C26 /* NSMutableString+DDNode.h */,
				5306F50B23878036005C3C26 /* NSMutableString+DDNode.m */,
				5311501923BB3B88005BF143 /* NSObject+DDSafeObserver.h */,
				5311501823BB3B88005BF143 /* NSObject+DDSafeObserver.m */,
				530CD2BC2418B3AB00665983 /* NSObject+DDSafePerformAction.h */,
				530CD2B92418B3AB00665983 /* NSObject+DDSafePerformAction.m */,
				5306F5132387804C005C3C26 /* NSObject+DDSwizzling.h */,
				5306F5122387804C005C3C26 /* NSObject+DDSwizzling.m */,
				5306F5142387804C005C3C26 /* UIButton+DDHighlightColor.h */,
				5306F5112387804C005C3C26 /* UIButton+DDHighlightColor.m */,
				5306F5152387804C005C3C26 /* UIView+DDBorder.h */,
				5306F5162387804C005C3C26 /* UIView+DDBorder.m */,
			);
			path = Categories;
			sourceTree = "<group>";
		};
		53B4E673240A1A700060B436 /* Other */ = {
			isa = PBXGroup;
			children = (
				5306F4F52387800E005C3C26 /* DDAppVersionHelper.h */,
				5306F4F32387800E005C3C26 /* DDAppVersionHelper.m */,
				5306F4F42387800E005C3C26 /* DDAsyncOperation.h */,
				5306F4F72387800E005C3C26 /* DDAsyncOperation.m */,
				5306F4F82387800E005C3C26 /* DDAuthorizationTools.h */,
				5306F4F62387800E005C3C26 /* DDAuthorizationTools.m */,
				5306F4ED23877FF7005C3C26 /* DDFlagPageModel.h */,
				5306F4F023877FF7005C3C26 /* DDFlagPageModel.m */,
				5306F525238780BC005C3C26 /* DDGridSimpleLayoutView.h */,
				5306F521238780BC005C3C26 /* DDGridSimpleLayoutView.m */,
				5306F523238780BC005C3C26 /* DDLayoutButton.h */,
				5306F51F238780BC005C3C26 /* DDLayoutButton.m */,
				5306F53023878122005C3C26 /* DDMacro.h */,
				5306F4FD23878019005C3C26 /* DDPageItemFlowLayout.h */,
				5306F4FC23878019005C3C26 /* DDPageItemFlowLayout.m */,
				5306F4EE23877FF7005C3C26 /* DDPageModel.h */,
				5306F4EF23877FF7005C3C26 /* DDPageModel.m */,
				5306F4FE23878019005C3C26 /* DDTimer.h */,
				5306F4FF23878019005C3C26 /* DDTimer.m */,
				5352C50723ED4C7B00A3EEF7 /* DDUserInfoManager.h */,
				5352C50423ED4C7B00A3EEF7 /* DDUserInfoManager.m */,
				5306F50223878024005C3C26 /* DDWeakDelegateObject.h */,
				5306F50323878025005C3C26 /* DDWeakDelegateObject.m */,
				5306F5312387836D005C3C26 /* DDWeakScriptMessageHandler.h */,
				5306F5322387836D005C3C26 /* DDWeakScriptMessageHandler.m */,
				5306F527238780BD005C3C26 /* DDWebTableViewController.h */,
				5306F528238780BD005C3C26 /* DDWebTableViewController.m */,
			);
			path = Other;
			sourceTree = "<group>";
		};
		53B4E674240A1D7D0060B436 /* LoopView */ = {
			isa = PBXGroup;
			children = (
				5306F51D238780BC005C3C26 /* DDAutoLoopCollectionView.h */,
				5306F51E238780BC005C3C26 /* DDAutoLoopCollectionView.m */,
				5306F520238780BC005C3C26 /* DDLoopCollectionView.h */,
				5306F522238780BC005C3C26 /* DDLoopCollectionView.m */,
				5306F524238780BC005C3C26 /* DDLoopTableView.h */,
				5306F526238780BC005C3C26 /* DDLoopTableView.m */,
			);
			path = LoopView;
			sourceTree = "<group>";
		};
		B05E2539555A907D91E8C07D /* Pods */ = {
			isa = PBXGroup;
			children = (
				A14DA01C9EE9EFF0B8B43348 /* Pods-DDTooboxDemo.debug.xcconfig */,
				5B70CE3ED59AD2CF0CABAE01 /* Pods-DDTooboxDemo.release.xcconfig */,
			);
			name = Pods;
			sourceTree = "<group>";
		};
		B2AA54A920B3F07B000C0C0A = {
			isa = PBXGroup;
			children = (
				B2AA54CB20B3F08E000C0C0A /* DDToolbox */,
				B2AA54B420B3F07B000C0C0A /* DDTooboxDemo */,
				B2AA54B320B3F07B000C0C0A /* Products */,
				B05E2539555A907D91E8C07D /* Pods */,
				49AAE11203D835A956CEDFDD /* Frameworks */,
			);
			sourceTree = "<group>";
		};
		B2AA54B320B3F07B000C0C0A /* Products */ = {
			isa = PBXGroup;
			children = (
				B2AA54B220B3F07B000C0C0A /* DDTooboxDemo.app */,
			);
			name = Products;
			sourceTree = "<group>";
		};
		B2AA54B420B3F07B000C0C0A /* DDTooboxDemo */ = {
			isa = PBXGroup;
			children = (
				B2AA54B520B3F07B000C0C0A /* AppDelegate.h */,
				B2AA54B620B3F07B000C0C0A /* AppDelegate.m */,
				B2AA54B820B3F07B000C0C0A /* ViewController.h */,
				B2AA54B920B3F07B000C0C0A /* ViewController.m */,
				B2AA54BB20B3F07B000C0C0A /* Main.storyboard */,
				B2AA54BE20B3F07B000C0C0A /* Assets.xcassets */,
				B2AA54C020B3F07B000C0C0A /* LaunchScreen.storyboard */,
				B2AA54C320B3F07B000C0C0A /* Info.plist */,
				B2AA54C420B3F07B000C0C0A /* main.m */,
			);
			path = DDTooboxDemo;
			sourceTree = "<group>";
		};
		B2AA54CB20B3F08E000C0C0A /* DDToolbox */ = {
			isa = PBXGroup;
			children = (
				530CD2D52418B63800665983 /* DDToolbox.h */,
				53B4E672240A19DB0060B436 /* Categories */,
				53B4E65D24097DAF0060B436 /* ListComponent */,
				53B4E674240A1D7D0060B436 /* LoopView */,
				53B4E673240A1A700060B436 /* Other */,
			);
			path = DDToolbox;
			sourceTree = "<group>";
		};
/* End PBXGroup section */

/* Begin PBXNativeTarget section */
		B2AA54B120B3F07B000C0C0A /* DDTooboxDemo */ = {
			isa = PBXNativeTarget;
			buildConfigurationList = B2AA54C820B3F07B000C0C0A /* Build configuration list for PBXNativeTarget "DDTooboxDemo" */;
			buildPhases = (
				D0CE1878DBD4F8EBDE22C2EB /* [CP] Check Pods Manifest.lock */,
				B2AA54AE20B3F07B000C0C0A /* Sources */,
				B2AA54AF20B3F07B000C0C0A /* Frameworks */,
				B2AA54B020B3F07B000C0C0A /* Resources */,
			);
			buildRules = (
			);
			dependencies = (
			);
			name = DDTooboxDemo;
			productName = DDTooboxDemo;
			productReference = B2AA54B220B3F07B000C0C0A /* DDTooboxDemo.app */;
			productType = "com.apple.product-type.application";
		};
/* End PBXNativeTarget section */

/* Begin PBXProject section */
		B2AA54AA20B3F07B000C0C0A /* Project object */ = {
			isa = PBXProject;
			attributes = {
				LastUpgradeCheck = 0920;
				ORGANIZATIONNAME = abiang;
				TargetAttributes = {
					B2AA54B120B3F07B000C0C0A = {
						CreatedOnToolsVersion = 9.2;
						ProvisioningStyle = Automatic;
					};
				};
			};
			buildConfigurationList = B2AA54AD20B3F07B000C0C0A /* Build configuration list for PBXProject "DDTooboxDemo" */;
			compatibilityVersion = "Xcode 8.0";
			developmentRegion = en;
			hasScannedForEncodings = 0;
			knownRegions = (
				en,
				Base,
			);
			mainGroup = B2AA54A920B3F07B000C0C0A;
			productRefGroup = B2AA54B320B3F07B000C0C0A /* Products */;
			projectDirPath = "";
			projectRoot = "";
			targets = (
				B2AA54B120B3F07B000C0C0A /* DDTooboxDemo */,
			);
		};
/* End PBXProject section */

/* Begin PBXResourcesBuildPhase section */
		B2AA54B020B3F07B000C0C0A /* Resources */ = {
			isa = PBXResourcesBuildPhase;
			buildActionMask = 2147483647;
			files = (
				B2AA54C220B3F07B000C0C0A /* LaunchScreen.storyboard in Resources */,
				B2AA54BF20B3F07B000C0C0A /* Assets.xcassets in Resources */,
				B2AA54BD20B3F07B000C0C0A /* Main.storyboard in Resources */,
			);
			runOnlyForDeploymentPostprocessing = 0;
		};
/* End PBXResourcesBuildPhase section */

/* Begin PBXShellScriptBuildPhase section */
		D0CE1878DBD4F8EBDE22C2EB /* [CP] Check Pods Manifest.lock */ = {
			isa = PBXShellScriptBuildPhase;
			buildActionMask = 2147483647;
			files = (
			);
			inputPaths = (
				"${PODS_PODFILE_DIR_PATH}/Podfile.lock",
				"${PODS_ROOT}/Manifest.lock",
			);
			name = "[CP] Check Pods Manifest.lock";
			outputPaths = (
				"$(DERIVED_FILE_DIR)/Pods-DDTooboxDemo-checkManifestLockResult.txt",
			);
			runOnlyForDeploymentPostprocessing = 0;
			shellPath = /bin/sh;
			shellScript = "diff \"${PODS_PODFILE_DIR_PATH}/Podfile.lock\" \"${PODS_ROOT}/Manifest.lock\" > /dev/null\nif [ $? != 0 ] ; then\n    # print error to STDERR\n    echo \"error: The sandbox is not in sync with the Podfile.lock. Run 'pod install' or update your CocoaPods installation.\" >&2\n    exit 1\nfi\n# This output is used by Xcode 'outputs' to avoid re-running this script phase.\necho \"SUCCESS\" > \"${SCRIPT_OUTPUT_FILE_0}\"\n";
			showEnvVarsInLog = 0;
		};
/* End PBXShellScriptBuildPhase section */

/* Begin PBXSourcesBuildPhase section */
		B2AA54AE20B3F07B000C0C0A /* Sources */ = {
			isa = PBXSourcesBuildPhase;
			buildActionMask = 2147483647;
			files = (
				5306F50F23878036005C3C26 /* NSMutableString+DDNode.m in Sources */,
				5306F52D238780BD005C3C26 /* DDLoopTableView.m in Sources */,
				B2AA54BA20B3F07B000C0C0A /* ViewController.m in Sources */,
				B2AA54C520B3F07B000C0C0A /* main.m in Sources */,
				5306F5182387804C005C3C26 /* NSObject+DDSwizzling.m in Sources */,
				530CD2D22418B3AD00665983 /* DDCollectionView.m in Sources */,
				5352C50A23ED4C7B00A3EEF7 /* DDUserInfoManager.m in Sources */,
				5306F5192387804C005C3C26 /* UIView+DDBorder.m in Sources */,
				5306F5172387804C005C3C26 /* UIButton+DDHighlightColor.m in Sources */,
				B2AA54B720B3F07B000C0C0A /* AppDelegate.m in Sources */,
				530CD2D02418B3AD00665983 /* DDCollectionViewProxy.m in Sources */,
				5311501A23BB3B88005BF143 /* NSObject+DDSafeObserver.m in Sources */,
				5306F50423878025005C3C26 /* DDWeakDelegateObject.m in Sources */,
				5306F51023878036005C3C26 /* NSArray+DDSafeAccess.m in Sources */,
				5306F4FA2387800E005C3C26 /* DDAuthorizationTools.m in Sources */,
				5306F4FB2387800E005C3C26 /* DDAsyncOperation.m in Sources */,
				5306F52A238780BD005C3C26 /* DDLayoutButton.m in Sources */,
				5306F529238780BD005C3C26 /* DDAutoLoopCollectionView.m in Sources */,
				530CD2D42418B3AD00665983 /* DDTableViewModel.m in Sources */,
				5306F5002387801A005C3C26 /* DDPageItemFlowLayout.m in Sources */,
				5306F52E238780BD005C3C26 /* DDWebTableViewController.m in Sources */,
				530CD2CD2418B3AD00665983 /* NSObject+DDSafePerformAction.m in Sources */,
				5306F5012387801A005C3C26 /* DDTimer.m in Sources */,
				5306F52B238780BD005C3C26 /* DDGridSimpleLayoutView.m in Sources */,
				530CD2CC2418B3AD00665983 /* DDCollectionViewModel.m in Sources */,
				5306F50E23878036005C3C26 /* NSMutableArray+DDNode.m in Sources */,
				530CD2D12418B3AD00665983 /* DDTableView.m in Sources */,
				5306F4F223877FF7005C3C26 /* DDFlagPageModel.m in Sources */,
				5306F50D23878036005C3C26 /* NSDate+DDHelper.m in Sources */,
				530CD2CF2418B3AD00665983 /* DDTableViewProxy.m in Sources */,
				5306F4F92387800E005C3C26 /* DDAppVersionHelper.m in Sources */,
				5306F5332387836D005C3C26 /* DDWeakScriptMessageHandler.m in Sources */,
				5306F52C238780BD005C3C26 /* DDLoopCollectionView.m in Sources */,
				530CD2CE2418B3AD00665983 /* DDCollectionViewCell.m in Sources */,
				5306F4F123877FF7005C3C26 /* DDPageModel.m in Sources */,
				530CD2D32418B3AD00665983 /* DDTableViewCell.m in Sources */,
			);
			runOnlyForDeploymentPostprocessing = 0;
		};
/* End PBXSourcesBuildPhase section */

/* Begin PBXVariantGroup section */
		B2AA54BB20B3F07B000C0C0A /* Main.storyboard */ = {
			isa = PBXVariantGroup;
			children = (
				B2AA54BC20B3F07B000C0C0A /* Base */,
			);
			name = Main.storyboard;
			sourceTree = "<group>";
		};
		B2AA54C020B3F07B000C0C0A /* LaunchScreen.storyboard */ = {
			isa = PBXVariantGroup;
			children = (
				B2AA54C120B3F07B000C0C0A /* Base */,
			);
			name = LaunchScreen.storyboard;
			sourceTree = "<group>";
		};
/* End PBXVariantGroup section */

/* Begin XCBuildConfiguration section */
		B2AA54C620B3F07B000C0C0A /* Debug */ = {
			isa = XCBuildConfiguration;
			buildSettings = {
				ALWAYS_SEARCH_USER_PATHS = NO;
				CLANG_ANALYZER_NONNULL = YES;
				CLANG_ANALYZER_NUMBER_OBJECT_CONVERSION = YES_AGGRESSIVE;
				CLANG_CXX_LANGUAGE_STANDARD = "gnu++14";
				CLANG_CXX_LIBRARY = "libc++";
				CLANG_ENABLE_MODULES = YES;
				CLANG_ENABLE_OBJC_ARC = YES;
				CLANG_WARN_BLOCK_CAPTURE_AUTORELEASING = YES;
				CLANG_WARN_BOOL_CONVERSION = YES;
				CLANG_WARN_COMMA = YES;
				CLANG_WARN_CONSTANT_CONVERSION = YES;
				CLANG_WARN_DIRECT_OBJC_ISA_USAGE = YES_ERROR;
				CLANG_WARN_DOCUMENTATION_COMMENTS = YES;
				CLANG_WARN_EMPTY_BODY = YES;
				CLANG_WARN_ENUM_CONVERSION = YES;
				CLANG_WARN_INFINITE_RECURSION = YES;
				CLANG_WARN_INT_CONVERSION = YES;
				CLANG_WARN_NON_LITERAL_NULL_CONVERSION = YES;
				CLANG_WARN_OBJC_LITERAL_CONVERSION = YES;
				CLANG_WARN_OBJC_ROOT_CLASS = YES_ERROR;
				CLANG_WARN_RANGE_LOOP_ANALYSIS = YES;
				CLANG_WARN_STRICT_PROTOTYPES = YES;
				CLANG_WARN_SUSPICIOUS_MOVE = YES;
				CLANG_WARN_UNGUARDED_AVAILABILITY = YES_AGGRESSIVE;
				CLANG_WARN_UNREACHABLE_CODE = YES;
				CLANG_WARN__DUPLICATE_METHOD_MATCH = YES;
				CODE_SIGN_IDENTITY = "iPhone Developer";
				COPY_PHASE_STRIP = NO;
				DEBUG_INFORMATION_FORMAT = dwarf;
				ENABLE_STRICT_OBJC_MSGSEND = YES;
				ENABLE_TESTABILITY = YES;
				GCC_C_LANGUAGE_STANDARD = gnu11;
				GCC_DYNAMIC_NO_PIC = NO;
				GCC_NO_COMMON_BLOCKS = YES;
				GCC_OPTIMIZATION_LEVEL = 0;
				GCC_PREPROCESSOR_DEFINITIONS = (
					"DEBUG=1",
					"$(inherited)",
				);
				GCC_WARN_64_TO_32_BIT_CONVERSION = YES;
				GCC_WARN_ABOUT_RETURN_TYPE = YES_ERROR;
				GCC_WARN_UNDECLARED_SELECTOR = YES;
				GCC_WARN_UNINITIALIZED_AUTOS = YES_AGGRESSIVE;
				GCC_WARN_UNUSED_FUNCTION = YES;
				GCC_WARN_UNUSED_VARIABLE = YES;
				IPHONEOS_DEPLOYMENT_TARGET = 11.2;
				MTL_ENABLE_DEBUG_INFO = YES;
				ONLY_ACTIVE_ARCH = YES;
				SDKROOT = iphoneos;
			};
			name = Debug;
		};
		B2AA54C720B3F07B000C0C0A /* Release */ = {
			isa = XCBuildConfiguration;
			buildSettings = {
				ALWAYS_SEARCH_USER_PATHS = NO;
				CLANG_ANALYZER_NONNULL = YES;
				CLANG_ANALYZER_NUMBER_OBJECT_CONVERSION = YES_AGGRESSIVE;
				CLANG_CXX_LANGUAGE_STANDARD = "gnu++14";
				CLANG_CXX_LIBRARY = "libc++";
				CLANG_ENABLE_MODULES = YES;
				CLANG_ENABLE_OBJC_ARC = YES;
				CLANG_WARN_BLOCK_CAPTURE_AUTORELEASING = YES;
				CLANG_WARN_BOOL_CONVERSION = YES;
				CLANG_WARN_COMMA = YES;
				CLANG_WARN_CONSTANT_CONVERSION = YES;
				CLANG_WARN_DIRECT_OBJC_ISA_USAGE = YES_ERROR;
				CLANG_WARN_DOCUMENTATION_COMMENTS = YES;
				CLANG_WARN_EMPTY_BODY = YES;
				CLANG_WARN_ENUM_CONVERSION = YES;
				CLANG_WARN_INFINITE_RECURSION = YES;
				CLANG_WARN_INT_CONVERSION = YES;
				CLANG_WARN_NON_LITERAL_NULL_CONVERSION = YES;
				CLANG_WARN_OBJC_LITERAL_CONVERSION = YES;
				CLANG_WARN_OBJC_ROOT_CLASS = YES_ERROR;
				CLANG_WARN_RANGE_LOOP_ANALYSIS = YES;
				CLANG_WARN_STRICT_PROTOTYPES = YES;
				CLANG_WARN_SUSPICIOUS_MOVE = YES;
				CLANG_WARN_UNGUARDED_AVAILABILITY = YES_AGGRESSIVE;
				CLANG_WARN_UNREACHABLE_CODE = YES;
				CLANG_WARN__DUPLICATE_METHOD_MATCH = YES;
				CODE_SIGN_IDENTITY = "iPhone Developer";
				COPY_PHASE_STRIP = NO;
				DEBUG_INFORMATION_FORMAT = "dwarf-with-dsym";
				ENABLE_NS_ASSERTIONS = NO;
				ENABLE_STRICT_OBJC_MSGSEND = YES;
				GCC_C_LANGUAGE_STANDARD = gnu11;
				GCC_NO_COMMON_BLOCKS = YES;
				GCC_WARN_64_TO_32_BIT_CONVERSION = YES;
				GCC_WARN_ABOUT_RETURN_TYPE = YES_ERROR;
				GCC_WARN_UNDECLARED_SELECTOR = YES;
				GCC_WARN_UNINITIALIZED_AUTOS = YES_AGGRESSIVE;
				GCC_WARN_UNUSED_FUNCTION = YES;
				GCC_WARN_UNUSED_VARIABLE = YES;
				IPHONEOS_DEPLOYMENT_TARGET = 11.2;
				MTL_ENABLE_DEBUG_INFO = NO;
				SDKROOT = iphoneos;
				VALIDATE_PRODUCT = YES;
			};
			name = Release;
		};
		B2AA54C920B3F07B000C0C0A /* Debug */ = {
			isa = XCBuildConfiguration;
			baseConfigurationReference = A14DA01C9EE9EFF0B8B43348 /* Pods-DDTooboxDemo.debug.xcconfig */;
			buildSettings = {
				ASSETCATALOG_COMPILER_APPICON_NAME = AppIcon;
				CODE_SIGN_STYLE = Automatic;
				DEVELOPMENT_TEAM = X77K95YFU8;
				INFOPLIST_FILE = DDTooboxDemo/Info.plist;
				IPHONEOS_DEPLOYMENT_TARGET = 9.0;
				LD_RUNPATH_SEARCH_PATHS = "$(inherited) @executable_path/Frameworks";
				PRODUCT_BUNDLE_IDENTIFIER = com.brownlee.Demo;
				PRODUCT_NAME = "$(TARGET_NAME)";
				TARGETED_DEVICE_FAMILY = "1,2";
			};
			name = Debug;
		};
		B2AA54CA20B3F07B000C0C0A /* Release */ = {
			isa = XCBuildConfiguration;
			baseConfigurationReference = 5B70CE3ED59AD2CF0CABAE01 /* Pods-DDTooboxDemo.release.xcconfig */;
			buildSettings = {
				ASSETCATALOG_COMPILER_APPICON_NAME = AppIcon;
				CODE_SIGN_STYLE = Automatic;
				DEVELOPMENT_TEAM = X77K95YFU8;
				INFOPLIST_FILE = DDTooboxDemo/Info.plist;
				IPHONEOS_DEPLOYMENT_TARGET = 9.0;
				LD_RUNPATH_SEARCH_PATHS = "$(inherited) @executable_path/Frameworks";
				PRODUCT_BUNDLE_IDENTIFIER = com.brownlee.Demo;
				PRODUCT_NAME = "$(TARGET_NAME)";
				TARGETED_DEVICE_FAMILY = "1,2";
			};
			name = Release;
		};
/* End XCBuildConfiguration section */

/* Begin XCConfigurationList section */
		B2AA54AD20B3F07B000C0C0A /* Build configuration list for PBXProject "DDTooboxDemo" */ = {
			isa = XCConfigurationList;
			buildConfigurations = (
				B2AA54C620B3F07B000C0C0A /* Debug */,
				B2AA54C720B3F07B000C0C0A /* Release */,
			);
			defaultConfigurationIsVisible = 0;
			defaultConfigurationName = Release;
		};
		B2AA54C820B3F07B000C0C0A /* Build configuration list for PBXNativeTarget "DDTooboxDemo" */ = {
			isa = XCConfigurationList;
			buildConfigurations = (
				B2AA54C920B3F07B000C0C0A /* Debug */,
				B2AA54CA20B3F07B000C0C0A /* Release */,
			);
			defaultConfigurationIsVisible = 0;
			defaultConfigurationName = Release;
		};
/* End XCConfigurationList section */
	};
	rootObject = B2AA54AA20B3F07B000C0C0A /* Project object */;
}
